// !$*UTF8*$!
{
	archiveVersion = 1;
	classes = {
	};
	objectVersion = 56;
	objects = {

/* Begin PBXBuildFile section */
		D234F2BB2BF1257100612030 /* AppDelegate.swift in Sources */ = {isa = PBXBuildFile; fileRef = D234F2BA2BF1257100612030 /* AppDelegate.swift */; };
		D234F2BD2BF1257100612030 /* SceneDelegate.swift in Sources */ = {isa = PBXBuildFile; fileRef = D234F2BC2BF1257100612030 /* SceneDelegate.swift */; };
		D234F2BF2BF1257100612030 /* AppStoreViewController.swift in Sources */ = {isa = PBXBuildFile; fileRef = D234F2BE2BF1257100612030 /* AppStoreViewController.swift */; };
		D234F2C42BF1257200612030 /* Assets.xcassets in Resources */ = {isa = PBXBuildFile; fileRef = D234F2C32BF1257200612030 /* Assets.xcassets */; };
		D234F2C72BF1257200612030 /* Base in Resources */ = {isa = PBXBuildFile; fileRef = D234F2C62BF1257200612030 /* Base */; };
		D234F2D02BF12AC400612030 /* FeaturedAppsCell.swift in Sources */ = {isa = PBXBuildFile; fileRef = D234F2CF2BF12AC400612030 /* FeaturedAppsCell.swift */; };
		D234F2D32BF12B3800612030 /* Nuke in Frameworks */ = {isa = PBXBuildFile; productRef = D234F2D22BF12B3800612030 /* Nuke */; };
		D234F2D52BF12B3800612030 /* NukeExtensions in Frameworks */ = {isa = PBXBuildFile; productRef = D234F2D42BF12B3800612030 /* NukeExtensions */; };
		D234F2D72BF12B3800612030 /* NukeUI in Frameworks */ = {isa = PBXBuildFile; productRef = D234F2D62BF12B3800612030 /* NukeUI */; };
		D234F2D92BF12B5A00612030 /* FreeAppCell.swift in Sources */ = {isa = PBXBuildFile; fileRef = D234F2D82BF12B5A00612030 /* FreeAppCell.swift */; };
		D234F2DC2BF12BA000612030 /* FeaturedApp.swift in Sources */ = {isa = PBXBuildFile; fileRef = D234F2DB2BF12BA000612030 /* FeaturedApp.swift */; };
		D234F2DE2BF12BC800612030 /* FreeApp.swift in Sources */ = {isa = PBXBuildFile; fileRef = D234F2DD2BF12BC800612030 /* FreeApp.swift */; };
		D234F2E12BF12DE200612030 /* Kingfisher in Frameworks */ = {isa = PBXBuildFile; productRef = D234F2E02BF12DE200612030 /* Kingfisher */; };
/* End PBXBuildFile section */

/* Begin PBXFileReference section */
		D234F2B72BF1257100612030 /* AppStoreView.app */ = {isa = PBXFileReference; explicitFileType = wrapper.application; includeInIndex = 0; path = AppStoreView.app; sourceTree = BUILT_PRODUCTS_DIR; };
		D234F2BA2BF1257100612030 /* AppDelegate.swift */ = {isa = PBXFileReference; lastKnownFileType = sourcecode.swift; path = AppDelegate.swift; sourceTree = "<group>"; };
		D234F2BC2BF1257100612030 /* SceneDelegate.swift */ = {isa = PBXFileReference; lastKnownFileType = sourcecode.swift; path = SceneDelegate.swift; sourceTree = "<group>"; };
		D234F2BE2BF1257100612030 /* AppStoreViewController.swift */ = {isa = PBXFileReference; lastKnownFileType = sourcecode.swift; path = AppStoreViewController.swift; sourceTree = "<group>"; };
		D234F2C32BF1257200612030 /* Assets.xcassets */ = {isa = PBXFileReference; lastKnownFileType = folder.assetcatalog; path = Assets.xcassets; sourceTree = "<group>"; };
		D234F2C62BF1257200612030 /* Base */ = {isa = PBXFileReference; lastKnownFileType = file.storyboard; name = Base; path = Base.lproj/LaunchScreen.storyboard; sourceTree = "<group>"; };
		D234F2C82BF1257200612030 /* Info.plist */ = {isa = PBXFileReference; lastKnownFileType = text.plist.xml; path = Info.plist; sourceTree = "<group>"; };
		D234F2CF2BF12AC400612030 /* FeaturedAppsCell.swift */ = {isa = PBXFileReference; lastKnownFileType = sourcecode.swift; path = FeaturedAppsCell.swift; sourceTree = "<group>"; };
		D234F2D82BF12B5A00612030 /* FreeAppCell.swift */ = {isa = PBXFileReference; lastKnownFileType = sourcecode.swift; path = FreeAppCell.swift; sourceTree = "<group>"; };
		D234F2DB2BF12BA000612030 /* FeaturedApp.swift */ = {isa = PBXFileReference; lastKnownFileType = sourcecode.swift; path = FeaturedApp.swift; sourceTree = "<group>"; };
		D234F2DD2BF12BC800612030 /* FreeApp.swift */ = {isa = PBXFileReference; lastKnownFileType = sourcecode.swift; path = FreeApp.swift; sourceTree = "<group>"; };
/* End PBXFileReference section */

/* Begin PBXFrameworksBuildPhase section */
		D234F2B42BF1257100612030 /* Frameworks */ = {
			isa = PBXFrameworksBuildPhase;
			buildActionMask = 2147483647;
			files = (
				D234F2E12BF12DE200612030 /* Kingfisher in Frameworks */,
				D234F2D72BF12B3800612030 /* NukeUI in Frameworks */,
				D234F2D32BF12B3800612030 /* Nuke in Frameworks */,
				D234F2D52BF12B3800612030 /* NukeExtensions in Frameworks */,
			);
			runOnlyForDeploymentPostprocessing = 0;
		};
/* End PBXFrameworksBuildPhase section */

/* Begin PBXGroup section */
		D234F2AE2BF1257100612030 = {
			isa = PBXGroup;
			children = (
				D234F2B92BF1257100612030 /* AppStoreView */,
				D234F2B82BF1257100612030 /* Products */,
			);
			sourceTree = "<group>";
		};
		D234F2B82BF1257100612030 /* Products */ = {
			isa = PBXGroup;
			children = (
				D234F2B72BF1257100612030 /* AppStoreView.app */,
			);
			name = Products;
			sourceTree = "<group>";
		};
		D234F2B92BF1257100612030 /* AppStoreView */ = {
			isa = PBXGroup;
			children = (
				D234F2DA2BF12B6C00612030 /* Models */,
				D234F2CE2BF12A9F00612030 /* Cells */,
				D234F2BA2BF1257100612030 /* AppDelegate.swift */,
				D234F2BC2BF1257100612030 /* SceneDelegate.swift */,
				D234F2BE2BF1257100612030 /* AppStoreViewController.swift */,
				D234F2C32BF1257200612030 /* Assets.xcassets */,
				D234F2C52BF1257200612030 /* LaunchScreen.storyboard */,
				D234F2C82BF1257200612030 /* Info.plist */,
			);
			path = AppStoreView;
			sourceTree = "<group>";
		};
		D234F2CE2BF12A9F00612030 /* Cells */ = {
			isa = PBXGroup;
			children = (
				D234F2CF2BF12AC400612030 /* FeaturedAppsCell.swift */,
				D234F2D82BF12B5A00612030 /* FreeAppCell.swift */,
			);
			path = Cells;
			sourceTree = "<group>";
		};
		D234F2DA2BF12B6C00612030 /* Models */ = {
			isa = PBXGroup;
			children = (
				D234F2DB2BF12BA000612030 /* FeaturedApp.swift */,
				D234F2DD2BF12BC800612030 /* FreeApp.swift */,
			);
			path = Models;
			sourceTree = "<group>";
		};
/* End PBXGroup section */

/* Begin PBXNativeTarget section */
		D234F2B62BF1257100612030 /* AppStoreView */ = {
			isa = PBXNativeTarget;
			buildConfigurationList = D234F2CB2BF1257200612030 /* Build configuration list for PBXNativeTarget "AppStoreView" */;
			buildPhases = (
				D234F2B32BF1257100612030 /* Sources */,
				D234F2B42BF1257100612030 /* Frameworks */,
				D234F2B52BF1257100612030 /* Resources */,
			);
			buildRules = (
			);
			dependencies = (
			);
			name = AppStoreView;
			packageProductDependencies = (
				D234F2D22BF12B3800612030 /* Nuke */,
				D234F2D42BF12B3800612030 /* NukeExtensions */,
				D234F2D62BF12B3800612030 /* NukeUI */,
				D234F2E02BF12DE200612030 /* Kingfisher */,
			);
			productName = AppStoreView;
			productReference = D234F2B72BF1257100612030 /* AppStoreView.app */;
			productType = "com.apple.product-type.application";
		};
/* End PBXNativeTarget section */

/* Begin PBXProject section */
		D234F2AF2BF1257100612030 /* Project object */ = {
			isa = PBXProject;
			attributes = {
				BuildIndependentTargetsInParallel = 1;
				LastSwiftUpdateCheck = 1530;
				LastUpgradeCheck = 1530;
				TargetAttributes = {
					D234F2B62BF1257100612030 = {
						CreatedOnToolsVersion = 15.3;
					};
				};
			};
			buildConfigurationList = D234F2B22BF1257100612030 /* Build configuration list for PBXProject "AppStoreView" */;
			compatibilityVersion = "Xcode 14.0";
			developmentRegion = en;
			hasScannedForEncodings = 0;
			knownRegions = (
				en,
				Base,
			);
			mainGroup = D234F2AE2BF1257100612030;
			packageReferences = (
				D234F2D12BF12B3800612030 /* XCRemoteSwiftPackageReference "Nuke" */,
				D234F2DF2BF12DE200612030 /* XCRemoteSwiftPackageReference "Kingfisher" */,
			);
			productRefGroup = D234F2B82BF1257100612030 /* Products */;
			projectDirPath = "";
			projectRoot = "";
			targets = (
				D234F2B62BF1257100612030 /* AppStoreView */,
			);
		};
/* End PBXProject section */

/* Begin PBXResourcesBuildPhase section */
		D234F2B52BF1257100612030 /* Resources */ = {
			isa = PBXResourcesBuildPhase;
			buildActionMask = 2147483647;
			files = (
				D234F2C42BF1257200612030 /* Assets.xcassets in Resources */,
				D234F2C72BF1257200612030 /* Base in Resources */,
			);
			runOnlyForDeploymentPostprocessing = 0;
		};
/* End PBXResourcesBuildPhase section */

/* Begin PBXSourcesBuildPhase section */
		D234F2B32BF1257100612030 /* Sources */ = {
			isa = PBXSourcesBuildPhase;
			buildActionMask = 2147483647;
			files = (
				D234F2DE2BF12BC800612030 /* FreeApp.swift in Sources */,
				D234F2BF2BF1257100612030 /* AppStoreViewController.swift in Sources */,
				D234F2D02BF12AC400612030 /* FeaturedAppsCell.swift in Sources */,
				D234F2BB2BF1257100612030 /* AppDelegate.swift in Sources */,
				D234F2DC2BF12BA000612030 /* FeaturedApp.swift in Sources */,
				D234F2BD2BF1257100612030 /* SceneDelegate.swift in Sources */,
				D234F2D92BF12B5A00612030 /* FreeAppCell.swift in Sources */,
			);
			runOnlyForDeploymentPostprocessing = 0;
		};
/* End PBXSourcesBuildPhase section */

/* Begin PBXVariantGroup section */
		D234F2C52BF1257200612030 /* LaunchScreen.storyboard */ = {
			isa = PBXVariantGroup;
			children = (
				D234F2C62BF1257200612030 /* Base */,
			);
			name = LaunchScreen.storyboard;
			sourceTree = "<group>";
		};
/* End PBXVariantGroup section */

/* Begin XCBuildConfiguration section */
		D234F2C92BF1257200612030 /* Debug */ = {
			isa = XCBuildConfiguration;
			buildSettings = {
				ALWAYS_SEARCH_USER_PATHS = NO;
				ASSETCATALOG_COMPILER_GENERATE_SWIFT_ASSET_SYMBOL_EXTENSIONS = YES;
				CLANG_ANALYZER_NONNULL = YES;
				CLANG_ANALYZER_NUMBER_OBJECT_CONVERSION = YES_AGGRESSIVE;
				CLANG_CXX_LANGUAGE_STANDARD = "gnu++20";
				CLANG_ENABLE_MODULES = YES;
				CLANG_ENABLE_OBJC_ARC = YES;
				CLANG_ENABLE_OBJC_WEAK = YES;
				CLANG_WARN_BLOCK_CAPTURE_AUTORELEASING = YES;
				CLANG_WARN_BOOL_CONVERSION = YES;
				CLANG_WARN_COMMA = YES;
				CLANG_WARN_CONSTANT_CONVERSION = YES;
				CLANG_WARN_DEPRECATED_OBJC_IMPLEMENTATIONS = YES;
				CLANG_WARN_DIRECT_OBJC_ISA_USAGE = YES_ERROR;
				CLANG_WARN_DOCUMENTATION_COMMENTS = YES;
				CLANG_WARN_EMPTY_BODY = YES;
				CLANG_WARN_ENUM_CONVERSION = YES;
				CLANG_WARN_INFINITE_RECURSION = YES;
				CLANG_WARN_INT_CONVERSION = YES;
				CLANG_WARN_NON_LITERAL_NULL_CONVERSION = YES;
				CLANG_WARN_OBJC_IMPLICIT_RETAIN_SELF = YES;
				CLANG_WARN_OBJC_LITERAL_CONVERSION = YES;
				CLANG_WARN_OBJC_ROOT_CLASS = YES_ERROR;
				CLANG_WARN_QUOTED_INCLUDE_IN_FRAMEWORK_HEADER = YES;
				CLANG_WARN_RANGE_LOOP_ANALYSIS = YES;
				CLANG_WARN_STRICT_PROTOTYPES = YES;
				CLANG_WARN_SUSPICIOUS_MOVE = YES;
				CLANG_WARN_UNGUARDED_AVAILABILITY = YES_AGGRESSIVE;
				CLANG_WARN_UNREACHABLE_CODE = YES;
				CLANG_WARN__DUPLICATE_METHOD_MATCH = YES;
				COPY_PHASE_STRIP = NO;
				DEBUG_INFORMATION_FORMAT = dwarf;
				ENABLE_STRICT_OBJC_MSGSEND = YES;
				ENABLE_TESTABILITY = YES;
				ENABLE_USER_SCRIPT_SANDBOXING = YES;
				GCC_C_LANGUAGE_STANDARD = gnu17;
				GCC_DYNAMIC_NO_PIC = NO;
				GCC_NO_COMMON_BLOCKS = YES;
				GCC_OPTIMIZATION_LEVEL = 0;
				GCC_PREPROCESSOR_DEFINITIONS = (
					"DEBUG=1",
					"$(inherited)",
				);
				GCC_WARN_64_TO_32_BIT_CONVERSION = YES;
				GCC_WARN_ABOUT_RETURN_TYPE = YES_ERROR;
				GCC_WARN_UNDECLARED_SELECTOR = YES;
				GCC_WARN_UNINITIALIZED_AUTOS = YES_AGGRESSIVE;
				GCC_WARN_UNUSED_FUNCTION = YES;
				GCC_WARN_UNUSED_VARIABLE = YES;
				IPHONEOS_DEPLOYMENT_TARGET = 17.4;
				LOCALIZATION_PREFERS_STRING_CATALOGS = YES;
				MTL_ENABLE_DEBUG_INFO = INCLUDE_SOURCE;
				MTL_FAST_MATH = YES;
				ONLY_ACTIVE_ARCH = YES;
				SDKROOT = iphoneos;
				SWIFT_ACTIVE_COMPILATION_CONDITIONS = "DEBUG $(inherited)";
				SWIFT_OPTIMIZATION_LEVEL = "-Onone";
			};
			name = Debug;
		};
		D234F2CA2BF1257200612030 /* Release */ = {
			isa = XCBuildConfiguration;
			buildSettings = {
				ALWAYS_SEARCH_USER_PATHS = NO;
				ASSETCATALOG_COMPILER_GENERATE_SWIFT_ASSET_SYMBOL_EXTENSIONS = YES;
				CLANG_ANALYZER_NONNULL = YES;
				CLANG_ANALYZER_NUMBER_OBJECT_CONVERSION = YES_AGGRESSIVE;
				CLANG_CXX_LANGUAGE_STANDARD = "gnu++20";
				CLANG_ENABLE_MODULES = YES;
				CLANG_ENABLE_OBJC_ARC = YES;
				CLANG_ENABLE_OBJC_WEAK = YES;
				CLANG_WARN_BLOCK_CAPTURE_AUTORELEASING = YES;
				CLANG_WARN_BOOL_CONVERSION = YES;
				CLANG_WARN_COMMA = YES;
				CLANG_WARN_CONSTANT_CONVERSION = YES;
				CLANG_WARN_DEPRECATED_OBJC_IMPLEMENTATIONS = YES;
				CLANG_WARN_DIRECT_OBJC_ISA_USAGE = YES_ERROR;
				CLANG_WARN_DOCUMENTATION_COMMENTS = YES;
				CLANG_WARN_EMPTY_BODY = YES;
				CLANG_WARN_ENUM_CONVERSION = YES;
				CLANG_WARN_INFINITE_RECURSION = YES;
				CLANG_WARN_INT_CONVERSION = YES;
				CLANG_WARN_NON_LITERAL_NULL_CONVERSION = YES;
				CLANG_WARN_OBJC_IMPLICIT_RETAIN_SELF = YES;
				CLANG_WARN_OBJC_LITERAL_CONVERSION = YES;
				CLANG_WARN_OBJC_ROOT_CLASS = YES_ERROR;
				CLANG_WARN_QUOTED_INCLUDE_IN_FRAMEWORK_HEADER = YES;
				CLANG_WARN_RANGE_LOOP_ANALYSIS = YES;
				CLANG_WARN_STRICT_PROTOTYPES = YES;
				CLANG_WARN_SUSPICIOUS_MOVE = YES;
				CLANG_WARN_UNGUARDED_AVAILABILITY = YES_AGGRESSIVE;
				CLANG_WARN_UNREACHABLE_CODE = YES;
				CLANG_WARN__DUPLICATE_METHOD_MATCH = YES;
				COPY_PHASE_STRIP = NO;
				DEBUG_INFORMATION_FORMAT = "dwarf-with-dsym";
				ENABLE_NS_ASSERTIONS = NO;
				ENABLE_STRICT_OBJC_MSGSEND = YES;
				ENABLE_USER_SCRIPT_SANDBOXING = YES;
				GCC_C_LANGUAGE_STANDARD = gnu17;
				GCC_NO_COMMON_BLOCKS = YES;
				GCC_WARN_64_TO_32_BIT_CONVERSION = YES;
				GCC_WARN_ABOUT_RETURN_TYPE = YES_ERROR;
				GCC_WARN_UNDECLARED_SELECTOR = YES;
				GCC_WARN_UNINITIALIZED_AUTOS = YES_AGGRESSIVE;
				GCC_WARN_UNUSED_FUNCTION = YES;
				GCC_WARN_UNUSED_VARIABLE = YES;
				IPHONEOS_DEPLOYMENT_TARGET = 17.4;
				LOCALIZATION_PREFERS_STRING_CATALOGS = YES;
				MTL_ENABLE_DEBUG_INFO = NO;
				MTL_FAST_MATH = YES;
				SDKROOT = iphoneos;
				SWIFT_COMPILATION_MODE = wholemodule;
				VALIDATE_PRODUCT = YES;
			};
			name = Release;
		};
		D234F2CC2BF1257200612030 /* Debug */ = {
			isa = XCBuildConfiguration;
			buildSettings = {
				ASSETCATALOG_COMPILER_APPICON_NAME = AppIcon;
				ASSETCATALOG_COMPILER_GLOBAL_ACCENT_COLOR_NAME = AccentColor;
				CODE_SIGN_STYLE = Automatic;
				CURRENT_PROJECT_VERSION = 1;
				DEVELOPMENT_TEAM = 8383VR3NFP;
				GENERATE_INFOPLIST_FILE = YES;
				INFOPLIST_FILE = AppStoreView/Info.plist;
				INFOPLIST_KEY_UIApplicationSupportsIndirectInputEvents = YES;
				INFOPLIST_KEY_UILaunchStoryboardName = LaunchScreen;
				INFOPLIST_KEY_UISupportedInterfaceOrientations_iPad = "UIInterfaceOrientationPortrait UIInterfaceOrientationPortraitUpsideDown UIInterfaceOrientationLandscapeLeft UIInterfaceOrientationLandscapeRight";
				INFOPLIST_KEY_UISupportedInterfaceOrientations_iPhone = "UIInterfaceOrientationPortrait UIInterfaceOrientationLandscapeLeft UIInterfaceOrientationLandscapeRight";
				LD_RUNPATH_SEARCH_PATHS = (
					"$(inherited)",
					"@executable_path/Frameworks",
				);
				MARKETING_VERSION = 1.0;
				PRODUCT_BUNDLE_IDENTIFIER = com.mminy62.AppStoreView;
				PRODUCT_NAME = "$(TARGET_NAME)";
				SWIFT_EMIT_LOC_STRINGS = YES;
				SWIFT_VERSION = 5.0;
				TARGETED_DEVICE_FAMILY = "1,2";
			};
			name = Debug;
		};
		D234F2CD2BF1257200612030 /* Release */ = {
			isa = XCBuildConfiguration;
			buildSettings = {
				ASSETCATALOG_COMPILER_APPICON_NAME = AppIcon;
				ASSETCATALOG_COMPILER_GLOBAL_ACCENT_COLOR_NAME = AccentColor;
				CODE_SIGN_STYLE = Automatic;
				CURRENT_PROJECT_VERSION = 1;
				DEVELOPMENT_TEAM = 8383VR3NFP;
				GENERATE_INFOPLIST_FILE = YES;
				INFOPLIST_FILE = AppStoreView/Info.plist;
				INFOPLIST_KEY_UIApplicationSupportsIndirectInputEvents = YES;
				INFOPLIST_KEY_UILaunchStoryboardName = LaunchScreen;
				INFOPLIST_KEY_UISupportedInterfaceOrientations_iPad = "UIInterfaceOrientationPortrait UIInterfaceOrientationPortraitUpsideDown UIInterfaceOrientationLandscapeLeft UIInterfaceOrientationLandscapeRight";
				INFOPLIST_KEY_UISupportedInterfaceOrientations_iPhone = "UIInterfaceOrientationPortrait UIInterfaceOrientationLandscapeLeft UIInterfaceOrientationLandscapeRight";
				LD_RUNPATH_SEARCH_PATHS = (
					"$(inherited)",
					"@executable_path/Frameworks",
				);
				MARKETING_VERSION = 1.0;
				PRODUCT_BUNDLE_IDENTIFIER = com.mminy62.AppStoreView;
				PRODUCT_NAME = "$(TARGET_NAME)";
				SWIFT_EMIT_LOC_STRINGS = YES;
				SWIFT_VERSION = 5.0;
				TARGETED_DEVICE_FAMILY = "1,2";
			};
			name = Release;
		};
/* End XCBuildConfiguration section */

/* Begin XCConfigurationList section */
		D234F2B22BF1257100612030 /* Build configuration list for PBXProject "AppStoreView" */ = {
			isa = XCConfigurationList;
			buildConfigurations = (
				D234F2C92BF1257200612030 /* Debug */,
				D234F2CA2BF1257200612030 /* Release */,
			);
			defaultConfigurationIsVisible = 0;
			defaultConfigurationName = Release;
		};
		D234F2CB2BF1257200612030 /* Build configuration list for PBXNativeTarget "AppStoreView" */ = {
			isa = XCConfigurationList;
			buildConfigurations = (
				D234F2CC2BF1257200612030 /* Debug */,
				D234F2CD2BF1257200612030 /* Release */,
			);
			defaultConfigurationIsVisible = 0;
			defaultConfigurationName = Release;
		};
/* End XCConfigurationList section */

/* Begin XCRemoteSwiftPackageReference section */
		D234F2D12BF12B3800612030 /* XCRemoteSwiftPackageReference "Nuke" */ = {
			isa = XCRemoteSwiftPackageReference;
			repositoryURL = "https://github.com/kean/Nuke";
			requirement = {
				kind = upToNextMajorVersion;
				minimumVersion = 12.6.0;
			};
		};
		D234F2DF2BF12DE200612030 /* XCRemoteSwiftPackageReference "Kingfisher" */ = {
			isa = XCRemoteSwiftPackageReference;
			repositoryURL = "https://github.com/onevcat/Kingfisher.git";
			requirement = {
				kind = upToNextMajorVersion;
				minimumVersion = 7.11.0;
			};
		};
/* End XCRemoteSwiftPackageReference section */

/* Begin XCSwiftPackageProductDependency section */
		D234F2D22BF12B3800612030 /* Nuke */ = {
			isa = XCSwiftPackageProductDependency;
			package = D234F2D12BF12B3800612030 /* XCRemoteSwiftPackageReference "Nuke" */;
			productName = Nuke;
		};
		D234F2D42BF12B3800612030 /* NukeExtensions */ = {
			isa = XCSwiftPackageProductDependency;
			package = D234F2D12BF12B3800612030 /* XCRemoteSwiftPackageReference "Nuke" */;
			productName = NukeExtensions;
		};
		D234F2D62BF12B3800612030 /* NukeUI */ = {
			isa = XCSwiftPackageProductDependency;
			package = D234F2D12BF12B3800612030 /* XCRemoteSwiftPackageReference "Nuke" */;
			productName = NukeUI;
		};
		D234F2E02BF12DE200612030 /* Kingfisher */ = {
			isa = XCSwiftPackageProductDependency;
			package = D234F2DF2BF12DE200612030 /* XCRemoteSwiftPackageReference "Kingfisher" */;
			productName = Kingfisher;
		};
/* End XCSwiftPackageProductDependency section */
	};
	rootObject = D234F2AF2BF1257100612030 /* Project object */;
}
